// !$*UTF8*$!
{
	archiveVersion = 1;
	classes = {
	};
	objectVersion = 50;
	objects = {

/* Begin PBXBuildFile section */
		CDBF8EFC264FE59B0012E9FC /* AppDelegate.swift in Sources */ = {isa = PBXBuildFile; fileRef = CDBF8EFB264FE59B0012E9FC /* AppDelegate.swift */; };
		CDBF8EFE264FE59B0012E9FC /* SceneDelegate.swift in Sources */ = {isa = PBXBuildFile; fileRef = CDBF8EFD264FE59B0012E9FC /* SceneDelegate.swift */; };
		CDBF8F00264FE59B0012E9FC /* ViewController.swift in Sources */ = {isa = PBXBuildFile; fileRef = CDBF8EFF264FE59B0012E9FC /* ViewController.swift */; };
		CDBF8F03264FE59B0012E9FC /* Main.storyboard in Resources */ = {isa = PBXBuildFile; fileRef = CDBF8F01264FE59B0012E9FC /* Main.storyboard */; };
		CDBF8F05264FE59D0012E9FC /* Assets.xcassets in Resources */ = {isa = PBXBuildFile; fileRef = CDBF8F04264FE59D0012E9FC /* Assets.xcassets */; };
		CDBF8F08264FE59D0012E9FC /* LaunchScreen.storyboard in Resources */ = {isa = PBXBuildFile; fileRef = CDBF8F06264FE59D0012E9FC /* LaunchScreen.storyboard */; };
/* End PBXBuildFile section */

/* Begin PBXFileReference section */
		CDBF8EF8264FE59A0012E9FC /* 2_ImagePicker_Delegate.app */ = {isa = PBXFileReference; explicitFileType = wrapper.application; includeInIndex = 0; path = 2_ImagePicker_Delegate.app; sourceTree = BUILT_PRODUCTS_DIR; };
		CDBF8EFB264FE59B0012E9FC /* AppDelegate.swift */ = {isa = PBXFileReference; lastKnownFileType = sourcecode.swift; path = AppDelegate.swift; sourceTree = "<group>"; };
		CDBF8EFD264FE59B0012E9FC /* SceneDelegate.swift */ = {isa = PBXFileReference; lastKnownFileType = sourcecode.swift; path = SceneDelegate.swift; sourceTree = "<group>"; };
		CDBF8EFF264FE59B0012E9FC /* ViewController.swift */ = {isa = PBXFileReference; lastKnownFileType = sourcecode.swift; path = ViewController.swift; sourceTree = "<group>"; };
		CDBF8F02264FE59B0012E9FC /* Base */ = {isa = PBXFileReference; lastKnownFileType = file.storyboard; name = Base; path = Base.lproj/Main.storyboard; sourceTree = "<group>"; };
		CDBF8F04264FE59D0012E9FC /* Assets.xcassets */ = {isa = PBXFileReference; lastKnownFileType = folder.assetcatalog; path = Assets.xcassets; sourceTree = "<group>"; };
		CDBF8F07264FE59D0012E9FC /* Base */ = {isa = PBXFileReference; lastKnownFileType = file.storyboard; name = Base; path = Base.lproj/LaunchScreen.storyboard; sourceTree = "<group>"; };
		CDBF8F09264FE59D0012E9FC /* Info.plist */ = {isa = PBXFileReference; lastKnownFileType = text.plist.xml; path = Info.plist; sourceTree = "<group>"; };
/* End PBXFileReference section */

/* Begin PBXFrameworksBuildPhase section */
		CDBF8EF5264FE59A0012E9FC /* Frameworks */ = {
			isa = PBXFrameworksBuildPhase;
			buildActionMask = 2147483647;
			files = (
			);
			runOnlyForDeploymentPostprocessing = 0;
		};
/* End PBXFrameworksBuildPhase section */

/* Begin PBXGroup section */
		CDBF8EEF264FE59A0012E9FC = {
			isa = PBXGroup;
			children = (
				CDBF8EFA264FE59B0012E9FC /* 2_ImagePicker_Delegate */,
				CDBF8EF9264FE59A0012E9FC /* Products */,
			);
			sourceTree = "<group>";
		};
		CDBF8EF9264FE59A0012E9FC /* Products */ = {
			isa = PBXGroup;
			children = (
				CDBF8EF8264FE59A0012E9FC /* 2_ImagePicker_Delegate.app */,
			);
			name = Products;
			sourceTree = "<group>";
		};
		CDBF8EFA264FE59B0012E9FC /* 2_ImagePicker_Delegate */ = {
			isa = PBXGroup;
			children = (
				CDBF8EFB264FE59B0012E9FC /* AppDelegate.swift */,
				CDBF8EFD264FE59B0012E9FC /* SceneDelegate.swift */,
				CDBF8EFF264FE59B0012E9FC /* ViewController.swift */,
				CDBF8F01264FE59B0012E9FC /* Main.storyboard */,
				CDBF8F04264FE59D0012E9FC /* Assets.xcassets */,
				CDBF8F06264FE59D0012E9FC /* LaunchScreen.storyboard */,
				CDBF8F09264FE59D0012E9FC /* Info.plist */,
			);
			path = 2_ImagePicker_Delegate;
			sourceTree = "<group>";
		};
/* End PBXGroup section */

/* Begin PBXNativeTarget section */
		CDBF8EF7264FE59A0012E9FC /* 2_ImagePicker_Delegate */ = {
			isa = PBXNativeTarget;
			buildConfigurationList = CDBF8F0C264FE59D0012E9FC /* Build configuration list for PBXNativeTarget "2_ImagePicker_Delegate" */;
			buildPhases = (
				CDBF8EF4264FE59A0012E9FC /* Sources */,
				CDBF8EF5264FE59A0012E9FC /* Frameworks */,
				CDBF8EF6264FE59A0012E9FC /* Resources */,
			);
			buildRules = (
			);
			dependencies = (
			);
			name = 2_ImagePicker_Delegate;
			productName = 2_ImagePicker_Delegate;
			productReference = CDBF8EF8264FE59A0012E9FC /* 2_ImagePicker_Delegate.app */;
			productType = "com.apple.product-type.application";
		};
/* End PBXNativeTarget section */

/* Begin PBXProject section */
		CDBF8EF0264FE59A0012E9FC /* Project object */ = {
			isa = PBXProject;
			attributes = {
				LastSwiftUpdateCheck = 1250;
				LastUpgradeCheck = 1250;
				TargetAttributes = {
					CDBF8EF7264FE59A0012E9FC = {
						CreatedOnToolsVersion = 12.5;
					};
				};
			};
			buildConfigurationList = CDBF8EF3264FE59A0012E9FC /* Build configuration list for PBXProject "2_ImagePicker_Delegate" */;
			compatibilityVersion = "Xcode 9.3";
			developmentRegion = en;
			hasScannedForEncodings = 0;
			knownRegions = (
				en,
				Base,
			);
			mainGroup = CDBF8EEF264FE59A0012E9FC;
			productRefGroup = CDBF8EF9264FE59A0012E9FC /* Products */;
			projectDirPath = "";
			projectRoot = "";
			targets = (
				CDBF8EF7264FE59A0012E9FC /* 2_ImagePicker_Delegate */,
			);
		};
/* End PBXProject section */

/* Begin PBXResourcesBuildPhase section */
		CDBF8EF6264FE59A0012E9FC /* Resources */ = {
			isa = PBXResourcesBuildPhase;
			buildActionMask = 2147483647;
			files = (
				CDBF8F08264FE59D0012E9FC /* LaunchScreen.storyboard in Resources */,
				CDBF8F05264FE59D0012E9FC /* Assets.xcassets in Resources */,
				CDBF8F03264FE59B0012E9FC /* Main.storyboard in Resources */,
			);
			runOnlyForDeploymentPostprocessing = 0;
		};
/* End PBXResourcesBuildPhase section */

/* Begin PBXSourcesBuildPhase section */
		CDBF8EF4264FE59A0012E9FC /* Sources */ = {
			isa = PBXSourcesBuildPhase;
			buildActionMask = 2147483647;
			files = (
				CDBF8F00264FE59B0012E9FC /* ViewController.swift in Sources */,
				CDBF8EFC264FE59B0012E9FC /* AppDelegate.swift in Sources */,
				CDBF8EFE264FE59B0012E9FC /* SceneDelegate.swift in Sources */,
			);
			runOnlyForDeploymentPostprocessing = 0;
		};
/* End PBXSourcesBuildPhase section */

/* Begin PBXVariantGroup section */
		CDBF8F01264FE59B0012E9FC /* Main.storyboard */ = {
			isa = PBXVariantGroup;
			children = (
				CDBF8F02264FE59B0012E9FC /* Base */,
			);
			name = Main.storyboard;
			sourceTree = "<group>";
		};
		CDBF8F06264FE59D0012E9FC /* LaunchScreen.storyboard */ = {
			isa = PBXVariantGroup;
			children = (
				CDBF8F07264FE59D0012E9FC /* Base */,
			);
			name = LaunchScreen.storyboard;
			sourceTree = "<group>";
		};
/* End PBXVariantGroup section */

/* Begin XCBuildConfiguration section */
		CDBF8F0A264FE59D0012E9FC /* Debug */ = {
			isa = XCBuildConfiguration;
			buildSettings = {
				ALWAYS_SEARCH_USER_PATHS = NO;
				CLANG_ANALYZER_NONNULL = YES;
				CLANG_ANALYZER_NUMBER_OBJECT_CONVERSION = YES_AGGRESSIVE;
				CLANG_CXX_LANGUAGE_STANDARD = "gnu++14";
				CLANG_CXX_LIBRARY = "libc++";
				CLANG_ENABLE_MODULES = YES;
				CLANG_ENABLE_OBJC_ARC = YES;
				CLANG_ENABLE_OBJC_WEAK = YES;
				CLANG_WARN_BLOCK_CAPTURE_AUTORELEASING = YES;
				CLANG_WARN_BOOL_CONVERSION = YES;
				CLANG_WARN_COMMA = YES;
				CLANG_WARN_CONSTANT_CONVERSION = YES;
				CLANG_WARN_DEPRECATED_OBJC_IMPLEMENTATIONS = YES;
				CLANG_WARN_DIRECT_OBJC_ISA_USAGE = YES_ERROR;
				CLANG_WARN_DOCUMENTATION_COMMENTS = YES;
				CLANG_WARN_EMPTY_BODY = YES;
				CLANG_WARN_ENUM_CONVERSION = YES;
				CLANG_WARN_INFINITE_RECURSION = YES;
				CLANG_WARN_INT_CONVERSION = YES;
				CLANG_WARN_NON_LITERAL_NULL_CONVERSION = YES;
				CLANG_WARN_OBJC_IMPLICIT_RETAIN_SELF = YES;
				CLANG_WARN_OBJC_LITERAL_CONVERSION = YES;
				CLANG_WARN_OBJC_ROOT_CLASS = YES_ERROR;
				CLANG_WARN_QUOTED_INCLUDE_IN_FRAMEWORK_HEADER = YES;
				CLANG_WARN_RANGE_LOOP_ANALYSIS = YES;
				CLANG_WARN_STRICT_PROTOTYPES = YES;
				CLANG_WARN_SUSPICIOUS_MOVE = YES;
				CLANG_WARN_UNGUARDED_AVAILABILITY = YES_AGGRESSIVE;
				CLANG_WARN_UNREACHABLE_CODE = YES;
				CLANG_WARN__DUPLICATE_METHOD_MATCH = YES;
				COPY_PHASE_STRIP = NO;
				DEBUG_INFORMATION_FORMAT = dwarf;
				ENABLE_STRICT_OBJC_MSGSEND = YES;
				ENABLE_TESTABILITY = YES;
				GCC_C_LANGUAGE_STANDARD = gnu11;
				GCC_DYNAMIC_NO_PIC = NO;
				GCC_NO_COMMON_BLOCKS = YES;
				GCC_OPTIMIZATION_LEVEL = 0;
				GCC_PREPROCESSOR_DEFINITIONS = (
					"DEBUG=1",
					"$(inherited)",
				);
				GCC_WARN_64_TO_32_BIT_CONVERSION = YES;
				GCC_WARN_ABOUT_RETURN_TYPE = YES_ERROR;
				GCC_WARN_UNDECLARED_SELECTOR = YES;
				GCC_WARN_UNINITIALIZED_AUTOS = YES_AGGRESSIVE;
				GCC_WARN_UNUSED_FUNCTION = YES;
				GCC_WARN_UNUSED_VARIABLE = YES;
				IPHONEOS_DEPLOYMENT_TARGET = 14.5;
				MTL_ENABLE_DEBUG_INFO = INCLUDE_SOURCE;
				MTL_FAST_MATH = YES;
				ONLY_ACTIVE_ARCH = YES;
				SDKROOT = iphoneos;
				SWIFT_ACTIVE_COMPILATION_CONDITIONS = DEBUG;
				SWIFT_OPTIMIZATION_LEVEL = "-Onone";
			};
			name = Debug;
		};
		CDBF8F0B264FE59D0012E9FC /* Release */ = {
			isa = XCBuildConfiguration;
			buildSettings = {
				ALWAYS_SEARCH_USER_PATHS = NO;
				CLANG_ANALYZER_NONNULL = YES;
				CLANG_ANALYZER_NUMBER_OBJECT_CONVERSION = YES_AGGRESSIVE;
				CLANG_CXX_LANGUAGE_STANDARD = "gnu++14";
				CLANG_CXX_LIBRARY = "libc++";
				CLANG_ENABLE_MODULES = YES;
				CLANG_ENABLE_OBJC_ARC = YES;
				CLANG_ENABLE_OBJC_WEAK = YES;
				CLANG_WARN_BLOCK_CAPTURE_AUTORELEASING = YES;
				CLANG_WARN_BOOL_CONVERSION = YES;
				CLANG_WARN_COMMA = YES;
				CLANG_WARN_CONSTANT_CONVERSION = YES;
				CLANG_WARN_DEPRECATED_OBJC_IMPLEMENTATIONS = YES;
				CLANG_WARN_DIRECT_OBJC_ISA_USAGE = YES_ERROR;
				CLANG_WARN_DOCUMENTATION_COMMENTS = YES;
				CLANG_WARN_EMPTY_BODY = YES;
				CLANG_WARN_ENUM_CONVERSION = YES;
				CLANG_WARN_INFINITE_RECURSION = YES;
				CLANG_WARN_INT_CONVERSION = YES;
				CLANG_WARN_NON_LITERAL_NULL_CONVERSION = YES;
				CLANG_WARN_OBJC_IMPLICIT_RETAIN_SELF = YES;
				CLANG_WARN_OBJC_LITERAL_CONVERSION = YES;
				CLANG_WARN_OBJC_ROOT_CLASS = YES_ERROR;
				CLANG_WARN_QUOTED_INCLUDE_IN_FRAMEWORK_HEADER = YES;
				CLANG_WARN_RANGE_LOOP_ANALYSIS = YES;
				CLANG_WARN_STRICT_PROTOTYPES = YES;
				CLANG_WARN_SUSPICIOUS_MOVE = YES;
				CLANG_WARN_UNGUARDED_AVAILABILITY = YES_AGGRESSIVE;
				CLANG_WARN_UNREACHABLE_CODE = YES;
				CLANG_WARN__DUPLICATE_METHOD_MATCH = YES;
				COPY_PHASE_STRIP = NO;
				DEBUG_INFORMATION_FORMAT = "dwarf-with-dsym";
				ENABLE_NS_ASSERTIONS = NO;
				ENABLE_STRICT_OBJC_MSGSEND = YES;
				GCC_C_LANGUAGE_STANDARD = gnu11;
				GCC_NO_COMMON_BLOCKS = YES;
				GCC_WARN_64_TO_32_BIT_CONVERSION = YES;
				GCC_WARN_ABOUT_RETURN_TYPE = YES_ERROR;
				GCC_WARN_UNDECLARED_SELECTOR = YES;
				GCC_WARN_UNINITIALIZED_AUTOS = YES_AGGRESSIVE;
				GCC_WARN_UNUSED_FUNCTION = YES;
				GCC_WARN_UNUSED_VARIABLE = YES;
				IPHONEOS_DEPLOYMENT_TARGET = 14.5;
				MTL_ENABLE_DEBUG_INFO = NO;
				MTL_FAST_MATH = YES;
				SDKROOT = iphoneos;
				SWIFT_COMPILATION_MODE = wholemodule;
				SWIFT_OPTIMIZATION_LEVEL = "-O";
				VALIDATE_PRODUCT = YES;
			};
			name = Release;
		};
		CDBF8F0D264FE59D0012E9FC /* Debug */ = {
			isa = XCBuildConfiguration;
			buildSettings = {
				ASSETCATALOG_COMPILER_APPICON_NAME = AppIcon;
				ASSETCATALOG_COMPILER_GLOBAL_ACCENT_COLOR_NAME = AccentColor;
				CODE_SIGN_STYLE = Automatic;
				INFOPLIST_FILE = 2_ImagePicker_Delegate/Info.plist;
				LD_RUNPATH_SEARCH_PATHS = (
					"$(inherited)",
					"@executable_path/Frameworks",
				);
				PRODUCT_BUNDLE_IDENTIFIER = "yunho.--ImagePicker-Delegate";
				PRODUCT_NAME = "$(TARGET_NAME)";
				SWIFT_VERSION = 5.0;
				TARGETED_DEVICE_FAMILY = "1,2";
			};
			name = Debug;
		};
		CDBF8F0E264FE59D0012E9FC /* Release */ = {
			isa = XCBuildConfiguration;
			buildSettings = {
				ASSETCATALOG_COMPILER_APPICON_NAME = AppIcon;
				ASSETCATALOG_COMPILER_GLOBAL_ACCENT_COLOR_NAME = AccentColor;
				CODE_SIGN_STYLE = Automatic;
				INFOPLIST_FILE = 2_ImagePicker_Delegate/Info.plist;
				LD_RUNPATH_SEARCH_PATHS = (
					"$(inherited)",
					"@executable_path/Frameworks",
				);
				PRODUCT_BUNDLE_IDENTIFIER = "yunho.--ImagePicker-Delegate";
				PRODUCT_NAME = "$(TARGET_NAME)";
				SWIFT_VERSION = 5.0;
				TARGETED_DEVICE_FAMILY = "1,2";
			};
			name = Release;
		};
/* End XCBuildConfiguration section */

/* Begin XCConfigurationList section */
		CDBF8EF3264FE59A0012E9FC /* Build configuration list for PBXProject "2_ImagePicker_Delegate" */ = {
			isa = XCConfigurationList;
			buildConfigurations = (
				CDBF8F0A264FE59D0012E9FC /* Debug */,
				CDBF8F0B264FE59D0012E9FC /* Release */,
			);
			defaultConfigurationIsVisible = 0;
			defaultConfigurationName = Release;
		};
		CDBF8F0C264FE59D0012E9FC /* Build configuration list for PBXNativeTarget "2_ImagePicker_Delegate" */ = {
			isa = XCConfigurationList;
			buildConfigurations = (
				CDBF8F0D264FE59D0012E9FC /* Debug */,
				CDBF8F0E264FE59D0012E9FC /* Release */,
			);
			defaultConfigurationIsVisible = 0;
			defaultConfigurationName = Release;
		};
/* End XCConfigurationList section */
	};
	rootObject = CDBF8EF0264FE59A0012E9FC /* Project object */;
}
